// !$*UTF8*$!
{
	archiveVersion = 1;
	classes = {
	};
	objectVersion = 56;
	objects = {

/* Begin PBXBuildFile section */
		6FE34F26757973099A882F8B /* libPods-projectOne.a in Frameworks */ = {isa = PBXBuildFile; fileRef = 40524C6A8024D4F5A2F9264F /* libPods-projectOne.a */; };
		8312A7112B3196370084C469 /* AppDelegate.swift in Sources */ = {isa = PBXBuildFile; fileRef = 8312A7102B3196370084C469 /* AppDelegate.swift */; };
		8312A7132B3196370084C469 /* SceneDelegate.swift in Sources */ = {isa = PBXBuildFile; fileRef = 8312A7122B3196370084C469 /* SceneDelegate.swift */; };
		8312A7152B3196370084C469 /* ViewController.swift in Sources */ = {isa = PBXBuildFile; fileRef = 8312A7142B3196370084C469 /* ViewController.swift */; };
		8312A7182B3196370084C469 /* Main.storyboard in Resources */ = {isa = PBXBuildFile; fileRef = 8312A7162B3196370084C469 /* Main.storyboard */; };
		8312A71A2B3196390084C469 /* Assets.xcassets in Resources */ = {isa = PBXBuildFile; fileRef = 8312A7192B3196390084C469 /* Assets.xcassets */; };
		8312A71D2B3196390084C469 /* LaunchScreen.storyboard in Resources */ = {isa = PBXBuildFile; fileRef = 8312A71B2B3196390084C469 /* LaunchScreen.storyboard */; };
		832578FE2B3434C0009202B7 /* NewViewController.swift in Sources */ = {isa = PBXBuildFile; fileRef = 832578FD2B3434C0009202B7 /* NewViewController.swift */; };
		8375C9C72B31A20A00C9EAB8 /* fonts in Resources */ = {isa = PBXBuildFile; fileRef = 8375C9C62B31A20A00C9EAB8 /* fonts */; };
		B6A2F87F2B3819DD00ECC014 /* SecondViewController.swift in Sources */ = {isa = PBXBuildFile; fileRef = B6A2F87E2B3819DD00ECC014 /* SecondViewController.swift */; };
		B6BE697E2B3AB4830063FCBA /* ProjectViewController.swift in Sources */ = {isa = PBXBuildFile; fileRef = B6BE697D2B3AB4830063FCBA /* ProjectViewController.swift */; };
		B6BE69802B3AF95E0063FCBA /* Projects.swift in Sources */ = {isa = PBXBuildFile; fileRef = B6BE697F2B3AF95E0063FCBA /* Projects.swift */; };
		B6BE69842B3AFC0C0063FCBA /* ProjectCollectionViewCell.swift in Sources */ = {isa = PBXBuildFile; fileRef = B6BE69832B3AFC0C0063FCBA /* ProjectCollectionViewCell.swift */; };
/* End PBXBuildFile section */

/* Begin PBXFileReference section */
		27E1B735104E16EFC3B0F9F4 /* Pods-projectOne.release.xcconfig */ = {isa = PBXFileReference; includeInIndex = 1; lastKnownFileType = text.xcconfig; name = "Pods-projectOne.release.xcconfig"; path = "Target Support Files/Pods-projectOne/Pods-projectOne.release.xcconfig"; sourceTree = "<group>"; };
		40524C6A8024D4F5A2F9264F /* libPods-projectOne.a */ = {isa = PBXFileReference; explicitFileType = archive.ar; includeInIndex = 0; path = "libPods-projectOne.a"; sourceTree = BUILT_PRODUCTS_DIR; };
		8312A70D2B3196370084C469 /* projectOne.app */ = {isa = PBXFileReference; explicitFileType = wrapper.application; includeInIndex = 0; path = projectOne.app; sourceTree = BUILT_PRODUCTS_DIR; };
		8312A7102B3196370084C469 /* AppDelegate.swift */ = {isa = PBXFileReference; lastKnownFileType = sourcecode.swift; path = AppDelegate.swift; sourceTree = "<group>"; };
		8312A7122B3196370084C469 /* SceneDelegate.swift */ = {isa = PBXFileReference; lastKnownFileType = sourcecode.swift; path = SceneDelegate.swift; sourceTree = "<group>"; };
		8312A7142B3196370084C469 /* ViewController.swift */ = {isa = PBXFileReference; lastKnownFileType = sourcecode.swift; path = ViewController.swift; sourceTree = "<group>"; };
		8312A7172B3196370084C469 /* Base */ = {isa = PBXFileReference; lastKnownFileType = file.storyboard; name = Base; path = Base.lproj/Main.storyboard; sourceTree = "<group>"; };
		8312A7192B3196390084C469 /* Assets.xcassets */ = {isa = PBXFileReference; lastKnownFileType = folder.assetcatalog; path = Assets.xcassets; sourceTree = "<group>"; };
		8312A71C2B3196390084C469 /* Base */ = {isa = PBXFileReference; lastKnownFileType = file.storyboard; name = Base; path = Base.lproj/LaunchScreen.storyboard; sourceTree = "<group>"; };
		832578FD2B3434C0009202B7 /* NewViewController.swift */ = {isa = PBXFileReference; lastKnownFileType = sourcecode.swift; path = NewViewController.swift; sourceTree = "<group>"; };
		8375C9C62B31A20A00C9EAB8 /* fonts */ = {isa = PBXFileReference; lastKnownFileType = folder; path = fonts; sourceTree = "<group>"; };
		83FD453C2B34881A00D493D9 /* Info.plist */ = {isa = PBXFileReference; lastKnownFileType = text.plist.xml; path = Info.plist; sourceTree = "<group>"; };
		B6A2F87E2B3819DD00ECC014 /* SecondViewController.swift */ = {isa = PBXFileReference; lastKnownFileType = sourcecode.swift; path = SecondViewController.swift; sourceTree = "<group>"; };
		B6BE697D2B3AB4830063FCBA /* ProjectViewController.swift */ = {isa = PBXFileReference; lastKnownFileType = sourcecode.swift; path = ProjectViewController.swift; sourceTree = "<group>"; };
		B6BE697F2B3AF95E0063FCBA /* Projects.swift */ = {isa = PBXFileReference; lastKnownFileType = sourcecode.swift; path = Projects.swift; sourceTree = "<group>"; };
		B6BE69832B3AFC0C0063FCBA /* ProjectCollectionViewCell.swift */ = {isa = PBXFileReference; lastKnownFileType = sourcecode.swift; path = ProjectCollectionViewCell.swift; sourceTree = "<group>"; };
		F0A79486A617323097B3C92E /* Pods-projectOne.debug.xcconfig */ = {isa = PBXFileReference; includeInIndex = 1; lastKnownFileType = text.xcconfig; name = "Pods-projectOne.debug.xcconfig"; path = "Target Support Files/Pods-projectOne/Pods-projectOne.debug.xcconfig"; sourceTree = "<group>"; };
/* End PBXFileReference section */

/* Begin PBXFrameworksBuildPhase section */
		8312A70A2B3196370084C469 /* Frameworks */ = {
			isa = PBXFrameworksBuildPhase;
			buildActionMask = 2147483647;
			files = (
				6FE34F26757973099A882F8B /* libPods-projectOne.a in Frameworks */,
			);
			runOnlyForDeploymentPostprocessing = 0;
		};
/* End PBXFrameworksBuildPhase section */

/* Begin PBXGroup section */
		05A75A9A9010B174B7124973 /* Frameworks */ = {
			isa = PBXGroup;
			children = (
				40524C6A8024D4F5A2F9264F /* libPods-projectOne.a */,
			);
			name = Frameworks;
			sourceTree = "<group>";
		};
		2414324F531D09F934D9ECC8 /* Pods */ = {
			isa = PBXGroup;
			children = (
				F0A79486A617323097B3C92E /* Pods-projectOne.debug.xcconfig */,
				27E1B735104E16EFC3B0F9F4 /* Pods-projectOne.release.xcconfig */,
			);
			path = Pods;
			sourceTree = "<group>";
		};
		8312A7042B3196370084C469 = {
			isa = PBXGroup;
			children = (
				8312A70F2B3196370084C469 /* projectOne */,
				8312A70E2B3196370084C469 /* Products */,
				2414324F531D09F934D9ECC8 /* Pods */,
				05A75A9A9010B174B7124973 /* Frameworks */,
			);
			sourceTree = "<group>";
		};
		8312A70E2B3196370084C469 /* Products */ = {
			isa = PBXGroup;
			children = (
				8312A70D2B3196370084C469 /* projectOne.app */,
			);
			name = Products;
			sourceTree = "<group>";
		};
		8312A70F2B3196370084C469 /* projectOne */ = {
			isa = PBXGroup;
			children = (
				8312A7102B3196370084C469 /* AppDelegate.swift */,
				8312A7122B3196370084C469 /* SceneDelegate.swift */,
				8312A7142B3196370084C469 /* ViewController.swift */,
				832578FD2B3434C0009202B7 /* NewViewController.swift */,
				B6A2F87E2B3819DD00ECC014 /* SecondViewController.swift */,
				B6BE697D2B3AB4830063FCBA /* ProjectViewController.swift */,
				8312A7162B3196370084C469 /* Main.storyboard */,
				8312A7192B3196390084C469 /* Assets.xcassets */,
				8312A71B2B3196390084C469 /* LaunchScreen.storyboard */,
				83FD453C2B34881A00D493D9 /* Info.plist */,
				8375C9C62B31A20A00C9EAB8 /* fonts */,
				B6BE697F2B3AF95E0063FCBA /* Projects.swift */,
				B6BE69832B3AFC0C0063FCBA /* ProjectCollectionViewCell.swift */,
			);
			path = projectOne;
			sourceTree = "<group>";
		};
/* End PBXGroup section */

/* Begin PBXNativeTarget section */
		8312A70C2B3196370084C469 /* projectOne */ = {
			isa = PBXNativeTarget;
			buildConfigurationList = 8312A7212B3196390084C469 /* Build configuration list for PBXNativeTarget "projectOne" */;
			buildPhases = (
				9C2D8AC46194AD2A0A7429F8 /* [CP] Check Pods Manifest.lock */,
				8312A7092B3196370084C469 /* Sources */,
				8312A70A2B3196370084C469 /* Frameworks */,
				8312A70B2B3196370084C469 /* Resources */,
			);
			buildRules = (
			);
			dependencies = (
			);
			name = projectOne;
			productName = projectOne;
			productReference = 8312A70D2B3196370084C469 /* projectOne.app */;
			productType = "com.apple.product-type.application";
		};
/* End PBXNativeTarget section */

/* Begin PBXProject section */
		8312A7052B3196370084C469 /* Project object */ = {
			isa = PBXProject;
			attributes = {
				BuildIndependentTargetsInParallel = 1;
				LastSwiftUpdateCheck = 1510;
				LastUpgradeCheck = 1510;
				TargetAttributes = {
					8312A70C2B3196370084C469 = {
						CreatedOnToolsVersion = 15.1;
					};
				};
			};
			buildConfigurationList = 8312A7082B3196370084C469 /* Build configuration list for PBXProject "projectOne" */;
			compatibilityVersion = "Xcode 14.0";
			developmentRegion = en;
			hasScannedForEncodings = 0;
			knownRegions = (
				en,
				Base,
			);
			mainGroup = 8312A7042B3196370084C469;
			productRefGroup = 8312A70E2B3196370084C469 /* Products */;
			projectDirPath = "";
			projectRoot = "";
			targets = (
				8312A70C2B3196370084C469 /* projectOne */,
			);
		};
/* End PBXProject section */

/* Begin PBXResourcesBuildPhase section */
		8312A70B2B3196370084C469 /* Resources */ = {
			isa = PBXResourcesBuildPhase;
			buildActionMask = 2147483647;
			files = (
				8312A71D2B3196390084C469 /* LaunchScreen.storyboard in Resources */,
				8312A71A2B3196390084C469 /* Assets.xcassets in Resources */,
				8312A7182B3196370084C469 /* Main.storyboard in Resources */,
				8375C9C72B31A20A00C9EAB8 /* fonts in Resources */,
			);
			runOnlyForDeploymentPostprocessing = 0;
		};
/* End PBXResourcesBuildPhase section */

/* Begin PBXShellScriptBuildPhase section */
		9C2D8AC46194AD2A0A7429F8 /* [CP] Check Pods Manifest.lock */ = {
			isa = PBXShellScriptBuildPhase;
			buildActionMask = 2147483647;
			files = (
			);
			inputFileListPaths = (
			);
			inputPaths = (
				"${PODS_PODFILE_DIR_PATH}/Podfile.lock",
				"${PODS_ROOT}/Manifest.lock",
			);
			name = "[CP] Check Pods Manifest.lock";
			outputFileListPaths = (
			);
			outputPaths = (
				"$(DERIVED_FILE_DIR)/Pods-projectOne-checkManifestLockResult.txt",
			);
			runOnlyForDeploymentPostprocessing = 0;
			shellPath = /bin/sh;
			shellScript = "diff \"${PODS_PODFILE_DIR_PATH}/Podfile.lock\" \"${PODS_ROOT}/Manifest.lock\" > /dev/null\nif [ $? != 0 ] ; then\n    # print error to STDERR\n    echo \"error: The sandbox is not in sync with the Podfile.lock. Run 'pod install' or update your CocoaPods installation.\" >&2\n    exit 1\nfi\n# This output is used by Xcode 'outputs' to avoid re-running this script phase.\necho \"SUCCESS\" > \"${SCRIPT_OUTPUT_FILE_0}\"\n";
			showEnvVarsInLog = 0;
		};
/* End PBXShellScriptBuildPhase section */

/* Begin PBXSourcesBuildPhase section */
		8312A7092B3196370084C469 /* Sources */ = {
			isa = PBXSourcesBuildPhase;
			buildActionMask = 2147483647;
			files = (
				B6BE69802B3AF95E0063FCBA /* Projects.swift in Sources */,
				8312A7152B3196370084C469 /* ViewController.swift in Sources */,
				8312A7112B3196370084C469 /* AppDelegate.swift in Sources */,
				B6BE697E2B3AB4830063FCBA /* ProjectViewController.swift in Sources */,
				B6BE69842B3AFC0C0063FCBA /* ProjectCollectionViewCell.swift in Sources */,
				8312A7132B3196370084C469 /* SceneDelegate.swift in Sources */,
				B6A2F87F2B3819DD00ECC014 /* SecondViewController.swift in Sources */,
				832578FE2B3434C0009202B7 /* NewViewController.swift in Sources */,
			);
			runOnlyForDeploymentPostprocessing = 0;
		};
/* End PBXSourcesBuildPhase section */

/* Begin PBXVariantGroup section */
		8312A7162B3196370084C469 /* Main.storyboard */ = {
			isa = PBXVariantGroup;
			children = (
				8312A7172B3196370084C469 /* Base */,
			);
			name = Main.storyboard;
			sourceTree = "<group>";
		};
		8312A71B2B3196390084C469 /* LaunchScreen.storyboard */ = {
			isa = PBXVariantGroup;
			children = (
				8312A71C2B3196390084C469 /* Base */,
			);
			name = LaunchScreen.storyboard;
			sourceTree = "<group>";
		};
/* End PBXVariantGroup section */

/* Begin XCBuildConfiguration section */
		8312A71F2B3196390084C469 /* Debug */ = {
			isa = XCBuildConfiguration;
			buildSettings = {
				ALWAYS_SEARCH_USER_PATHS = NO;
				ASSETCATALOG_COMPILER_GENERATE_SWIFT_ASSET_SYMBOL_EXTENSIONS = YES;
				CLANG_ANALYZER_NONNULL = YES;
				CLANG_ANALYZER_NUMBER_OBJECT_CONVERSION = YES_AGGRESSIVE;
				CLANG_CXX_LANGUAGE_STANDARD = "gnu++20";
				CLANG_ENABLE_MODULES = YES;
				CLANG_ENABLE_OBJC_ARC = YES;
				CLANG_ENABLE_OBJC_WEAK = YES;
				CLANG_WARN_BLOCK_CAPTURE_AUTORELEASING = YES;
				CLANG_WARN_BOOL_CONVERSION = YES;
				CLANG_WARN_COMMA = YES;
				CLANG_WARN_CONSTANT_CONVERSION = YES;
				CLANG_WARN_DEPRECATED_OBJC_IMPLEMENTATIONS = YES;
				CLANG_WARN_DIRECT_OBJC_ISA_USAGE = YES_ERROR;
				CLANG_WARN_DOCUMENTATION_COMMENTS = YES;
				CLANG_WARN_EMPTY_BODY = YES;
				CLANG_WARN_ENUM_CONVERSION = YES;
				CLANG_WARN_INFINITE_RECURSION = YES;
				CLANG_WARN_INT_CONVERSION = YES;
				CLANG_WARN_NON_LITERAL_NULL_CONVERSION = YES;
				CLANG_WARN_OBJC_IMPLICIT_RETAIN_SELF = YES;
				CLANG_WARN_OBJC_LITERAL_CONVERSION = YES;
				CLANG_WARN_OBJC_ROOT_CLASS = YES_ERROR;
				CLANG_WARN_QUOTED_INCLUDE_IN_FRAMEWORK_HEADER = YES;
				CLANG_WARN_RANGE_LOOP_ANALYSIS = YES;
				CLANG_WARN_STRICT_PROTOTYPES = YES;
				CLANG_WARN_SUSPICIOUS_MOVE = YES;
				CLANG_WARN_UNGUARDED_AVAILABILITY = YES_AGGRESSIVE;
				CLANG_WARN_UNREACHABLE_CODE = YES;
				CLANG_WARN__DUPLICATE_METHOD_MATCH = YES;
				COPY_PHASE_STRIP = NO;
				DEBUG_INFORMATION_FORMAT = dwarf;
				ENABLE_STRICT_OBJC_MSGSEND = YES;
				ENABLE_TESTABILITY = YES;
				ENABLE_USER_SCRIPT_SANDBOXING = YES;
				GCC_C_LANGUAGE_STANDARD = gnu17;
				GCC_DYNAMIC_NO_PIC = NO;
				GCC_NO_COMMON_BLOCKS = YES;
				GCC_OPTIMIZATION_LEVEL = 0;
				GCC_PREPROCESSOR_DEFINITIONS = (
					"DEBUG=1",
					"$(inherited)",
				);
				GCC_WARN_64_TO_32_BIT_CONVERSION = YES;
				GCC_WARN_ABOUT_RETURN_TYPE = YES_ERROR;
				GCC_WARN_UNDECLARED_SELECTOR = YES;
				GCC_WARN_UNINITIALIZED_AUTOS = YES_AGGRESSIVE;
				GCC_WARN_UNUSED_FUNCTION = YES;
				GCC_WARN_UNUSED_VARIABLE = YES;
				IPHONEOS_DEPLOYMENT_TARGET = 17.2;
				LOCALIZATION_PREFERS_STRING_CATALOGS = YES;
				MTL_ENABLE_DEBUG_INFO = INCLUDE_SOURCE;
				MTL_FAST_MATH = YES;
				ONLY_ACTIVE_ARCH = YES;
				SDKROOT = iphoneos;
				SWIFT_ACTIVE_COMPILATION_CONDITIONS = "DEBUG $(inherited)";
				SWIFT_OPTIMIZATION_LEVEL = "-Onone";
			};
			name = Debug;
		};
		8312A7202B3196390084C469 /* Release */ = {
			isa = XCBuildConfiguration;
			buildSettings = {
				ALWAYS_SEARCH_USER_PATHS = NO;
				ASSETCATALOG_COMPILER_GENERATE_SWIFT_ASSET_SYMBOL_EXTENSIONS = YES;
				CLANG_ANALYZER_NONNULL = YES;
				CLANG_ANALYZER_NUMBER_OBJECT_CONVERSION = YES_AGGRESSIVE;
				CLANG_CXX_LANGUAGE_STANDARD = "gnu++20";
				CLANG_ENABLE_MODULES = YES;
				CLANG_ENABLE_OBJC_ARC = YES;
				CLANG_ENABLE_OBJC_WEAK = YES;
				CLANG_WARN_BLOCK_CAPTURE_AUTORELEASING = YES;
				CLANG_WARN_BOOL_CONVERSION = YES;
				CLANG_WARN_COMMA = YES;
				CLANG_WARN_CONSTANT_CONVERSION = YES;
				CLANG_WARN_DEPRECATED_OBJC_IMPLEMENTATIONS = YES;
				CLANG_WARN_DIRECT_OBJC_ISA_USAGE = YES_ERROR;
				CLANG_WARN_DOCUMENTATION_COMMENTS = YES;
				CLANG_WARN_EMPTY_BODY = YES;
				CLANG_WARN_ENUM_CONVERSION = YES;
				CLANG_WARN_INFINITE_RECURSION = YES;
				CLANG_WARN_INT_CONVERSION = YES;
				CLANG_WARN_NON_LITERAL_NULL_CONVERSION = YES;
				CLANG_WARN_OBJC_IMPLICIT_RETAIN_SELF = YES;
				CLANG_WARN_OBJC_LITERAL_CONVERSION = YES;
				CLANG_WARN_OBJC_ROOT_CLASS = YES_ERROR;
				CLANG_WARN_QUOTED_INCLUDE_IN_FRAMEWORK_HEADER = YES;
				CLANG_WARN_RANGE_LOOP_ANALYSIS = YES;
				CLANG_WARN_STRICT_PROTOTYPES = YES;
				CLANG_WARN_SUSPICIOUS_MOVE = YES;
				CLANG_WARN_UNGUARDED_AVAILABILITY = YES_AGGRESSIVE;
				CLANG_WARN_UNREACHABLE_CODE = YES;
				CLANG_WARN__DUPLICATE_METHOD_MATCH = YES;
				COPY_PHASE_STRIP = NO;
				DEBUG_INFORMATION_FORMAT = "dwarf-with-dsym";
				ENABLE_NS_ASSERTIONS = NO;
				ENABLE_STRICT_OBJC_MSGSEND = YES;
				ENABLE_USER_SCRIPT_SANDBOXING = YES;
				GCC_C_LANGUAGE_STANDARD = gnu17;
				GCC_NO_COMMON_BLOCKS = YES;
				GCC_WARN_64_TO_32_BIT_CONVERSION = YES;
				GCC_WARN_ABOUT_RETURN_TYPE = YES_ERROR;
				GCC_WARN_UNDECLARED_SELECTOR = YES;
				GCC_WARN_UNINITIALIZED_AUTOS = YES_AGGRESSIVE;
				GCC_WARN_UNUSED_FUNCTION = YES;
				GCC_WARN_UNUSED_VARIABLE = YES;
				IPHONEOS_DEPLOYMENT_TARGET = 17.2;
				LOCALIZATION_PREFERS_STRING_CATALOGS = YES;
				MTL_ENABLE_DEBUG_INFO = NO;
				MTL_FAST_MATH = YES;
				SDKROOT = iphoneos;
				SWIFT_COMPILATION_MODE = wholemodule;
				VALIDATE_PRODUCT = YES;
			};
			name = Release;
		};
		8312A7222B3196390084C469 /* Debug */ = {
			isa = XCBuildConfiguration;
			baseConfigurationReference = F0A79486A617323097B3C92E /* Pods-projectOne.debug.xcconfig */;
			buildSettings = {
				ASSETCATALOG_COMPILER_APPICON_NAME = AppIcon;
				ASSETCATALOG_COMPILER_GLOBAL_ACCENT_COLOR_NAME = AccentColor;
				CODE_SIGN_STYLE = Automatic;
				CURRENT_PROJECT_VERSION = 1;
				GENERATE_INFOPLIST_FILE = YES;
				INFOPLIST_FILE = projectOne/Info.plist;
				INFOPLIST_KEY_UIApplicationSupportsIndirectInputEvents = YES;
				INFOPLIST_KEY_UILaunchStoryboardName = LaunchScreen;
				INFOPLIST_KEY_UIMainStoryboardFile = Main;
				INFOPLIST_KEY_UISupportedInterfaceOrientations_iPad = "UIInterfaceOrientationPortrait UIInterfaceOrientationPortraitUpsideDown UIInterfaceOrientationLandscapeLeft UIInterfaceOrientationLandscapeRight";
				INFOPLIST_KEY_UISupportedInterfaceOrientations_iPhone = "UIInterfaceOrientationPortrait UIInterfaceOrientationLandscapeLeft UIInterfaceOrientationLandscapeRight";
				IPHONEOS_DEPLOYMENT_TARGET = 13;
				LD_RUNPATH_SEARCH_PATHS = (
					"$(inherited)",
					"@executable_path/Frameworks",
				);
				MARKETING_VERSION = 1.0;
				PRODUCT_BUNDLE_IDENTIFIER = io.xotech.projectOne;
				PRODUCT_NAME = "$(TARGET_NAME)";
				SWIFT_EMIT_LOC_STRINGS = YES;
				SWIFT_VERSION = 5.0;
				TARGETED_DEVICE_FAMILY = "1,2";
			};
			name = Debug;
		};
		8312A7232B3196390084C469 /* Release */ = {
			isa = XCBuildConfiguration;
			baseConfigurationReference = 27E1B735104E16EFC3B0F9F4 /* Pods-projectOne.release.xcconfig */;
			buildSettings = {
				ASSETCATALOG_COMPILER_APPICON_NAME = AppIcon;
				ASSETCATALOG_COMPILER_GLOBAL_ACCENT_COLOR_NAME = AccentColor;
				CODE_SIGN_STYLE = Automatic;
				CURRENT_PROJECT_VERSION = 1;
				GENERATE_INFOPLIST_FILE = YES;
				INFOPLIST_FILE = projectOne/Info.plist;
				INFOPLIST_KEY_UIApplicationSupportsIndirectInputEvents = YES;
				INFOPLIST_KEY_UILaunchStoryboardName = LaunchScreen;
				INFOPLIST_KEY_UIMainStoryboardFile = Main;
				INFOPLIST_KEY_UISupportedInterfaceOrientations_iPad = "UIInterfaceOrientationPortrait UIInterfaceOrientationPortraitUpsideDown UIInterfaceOrientationLandscapeLeft UIInterfaceOrientationLandscapeRight";
				INFOPLIST_KEY_UISupportedInterfaceOrientations_iPhone = "UIInterfaceOrientationPortrait UIInterfaceOrientationLandscapeLeft UIInterfaceOrientationLandscapeRight";
				IPHONEOS_DEPLOYMENT_TARGET = 13;
				LD_RUNPATH_SEARCH_PATHS = (
					"$(inherited)",
					"@executable_path/Frameworks",
				);
				MARKETING_VERSION = 1.0;
				PRODUCT_BUNDLE_IDENTIFIER = io.xotech.projectOne;
				PRODUCT_NAME = "$(TARGET_NAME)";
				SWIFT_EMIT_LOC_STRINGS = YES;
				SWIFT_VERSION = 5.0;
				TARGETED_DEVICE_FAMILY = "1,2";
			};
			name = Release;
		};
/* End XCBuildConfiguration section */

/* Begin XCConfigurationList section */
		8312A7082B3196370084C469 /* Build configuration list for PBXProject "projectOne" */ = {
			isa = XCConfigurationList;
			buildConfigurations = (
				8312A71F2B3196390084C469 /* Debug */,
				8312A7202B3196390084C469 /* Release */,
			);
			defaultConfigurationIsVisible = 0;
			defaultConfigurationName = Release;
		};
		8312A7212B3196390084C469 /* Build configuration list for PBXNativeTarget "projectOne" */ = {
			isa = XCConfigurationList;
			buildConfigurations = (
				8312A7222B3196390084C469 /* Debug */,
				8312A7232B3196390084C469 /* Release */,
			);
			defaultConfigurationIsVisible = 0;
			defaultConfigurationName = Release;
		};
/* End XCConfigurationList section */
	};
	rootObject = 8312A7052B3196370084C469 /* Project object */;
}
